// !$*UTF8*$!
{
	archiveVersion = 1;
	classes = {
	};
	objectVersion = 46;
	objects = {

/* Begin PBXBuildFile section */
		1E9EF87A155826CE00960232 /* UIKit.framework in Frameworks */ = {isa = PBXBuildFile; fileRef = 1E9EF879155826CE00960232 /* UIKit.framework */; };
		1E9EF87C155826CE00960232 /* Foundation.framework in Frameworks */ = {isa = PBXBuildFile; fileRef = 1E9EF87B155826CE00960232 /* Foundation.framework */; };
		1E9EF87E155826CE00960232 /* CoreGraphics.framework in Frameworks */ = {isa = PBXBuildFile; fileRef = 1E9EF87D155826CE00960232 /* CoreGraphics.framework */; };
		1E9EF884155826CE00960232 /* InfoPlist.strings in Resources */ = {isa = PBXBuildFile; fileRef = 1E9EF882155826CE00960232 /* InfoPlist.strings */; };
		1E9EF886155826CE00960232 /* main.m in Sources */ = {isa = PBXBuildFile; fileRef = 1E9EF885155826CE00960232 /* main.m */; };
		1E9EF88A155826CE00960232 /* objixAppDelegate.m in Sources */ = {isa = PBXBuildFile; fileRef = 1E9EF889155826CE00960232 /* objixAppDelegate.m */; };
		1E9EF88D155826CE00960232 /* MainStoryboard_iPhone.storyboard in Resources */ = {isa = PBXBuildFile; fileRef = 1E9EF88B155826CE00960232 /* MainStoryboard_iPhone.storyboard */; };
		1E9EF890155826CE00960232 /* MainStoryboard_iPad.storyboard in Resources */ = {isa = PBXBuildFile; fileRef = 1E9EF88E155826CE00960232 /* MainStoryboard_iPad.storyboard */; };
		1E9EF893155826CF00960232 /* objixFirstViewController.m in Sources */ = {isa = PBXBuildFile; fileRef = 1E9EF892155826CF00960232 /* objixFirstViewController.m */; };
		1E9EF895155826CF00960232 /* first.png in Resources */ = {isa = PBXBuildFile; fileRef = 1E9EF894155826CF00960232 /* first.png */; };
		1E9EF897155826CF00960232 /* first@2x.png in Resources */ = {isa = PBXBuildFile; fileRef = 1E9EF896155826CF00960232 /* first@2x.png */; };
		1E9EF89A155826CF00960232 /* objixSecondViewController.m in Sources */ = {isa = PBXBuildFile; fileRef = 1E9EF899155826CF00960232 /* objixSecondViewController.m */; };
		1E9EF89C155826CF00960232 /* second.png in Resources */ = {isa = PBXBuildFile; fileRef = 1E9EF89B155826CF00960232 /* second.png */; };
		1E9EF89E155826CF00960232 /* second@2x.png in Resources */ = {isa = PBXBuildFile; fileRef = 1E9EF89D155826CF00960232 /* second@2x.png */; };
		1E9EF8A6155826CF00960232 /* SenTestingKit.framework in Frameworks */ = {isa = PBXBuildFile; fileRef = 1E9EF8A5155826CF00960232 /* SenTestingKit.framework */; };
		1E9EF8A7155826CF00960232 /* UIKit.framework in Frameworks */ = {isa = PBXBuildFile; fileRef = 1E9EF879155826CE00960232 /* UIKit.framework */; };
		1E9EF8A8155826CF00960232 /* Foundation.framework in Frameworks */ = {isa = PBXBuildFile; fileRef = 1E9EF87B155826CE00960232 /* Foundation.framework */; };
		1E9EF8B0155826CF00960232 /* InfoPlist.strings in Resources */ = {isa = PBXBuildFile; fileRef = 1E9EF8AE155826CF00960232 /* InfoPlist.strings */; };
		1E9EF8B3155826CF00960232 /* myTabbedAppTests.m in Sources */ = {isa = PBXBuildFile; fileRef = 1E9EF8B2155826CF00960232 /* myTabbedAppTests.m */; };
/* End PBXBuildFile section */

/* Begin PBXContainerItemProxy section */
		1E9EF8A9155826CF00960232 /* PBXContainerItemProxy */ = {
			isa = PBXContainerItemProxy;
			containerPortal = 1E9EF86C155826CC00960232 /* Project object */;
			proxyType = 1;
			remoteGlobalIDString = 1E9EF874155826CD00960232;
			remoteInfo = myTabbedApp;
		};
/* End PBXContainerItemProxy section */

/* Begin PBXFileReference section */
		1E9EF875155826CE00960232 /* myTabbedApp.app */ = {isa = PBXFileReference; explicitFileType = wrapper.application; includeInIndex = 0; path = myTabbedApp.app; sourceTree = BUILT_PRODUCTS_DIR; };
		1E9EF879155826CE00960232 /* UIKit.framework */ = {isa = PBXFileReference; lastKnownFileType = wrapper.framework; name = UIKit.framework; path = System/Library/Frameworks/UIKit.framework; sourceTree = SDKROOT; };
		1E9EF87B155826CE00960232 /* Foundation.framework */ = {isa = PBXFileReference; lastKnownFileType = wrapper.framework; name = Foundation.framework; path = System/Library/Frameworks/Foundation.framework; sourceTree = SDKROOT; };
		1E9EF87D155826CE00960232 /* CoreGraphics.framework */ = {isa = PBXFileReference; lastKnownFileType = wrapper.framework; name = CoreGraphics.framework; path = System/Library/Frameworks/CoreGraphics.framework; sourceTree = SDKROOT; };
		1E9EF881155826CE00960232 /* myTabbedApp-Info.plist */ = {isa = PBXFileReference; lastKnownFileType = text.plist.xml; path = "myTabbedApp-Info.plist"; sourceTree = "<group>"; };
		1E9EF883155826CE00960232 /* en */ = {isa = PBXFileReference; lastKnownFileType = text.plist.strings; name = en; path = en.lproj/InfoPlist.strings; sourceTree = "<group>"; };
		1E9EF885155826CE00960232 /* main.m */ = {isa = PBXFileReference; lastKnownFileType = sourcecode.c.objc; path = main.m; sourceTree = "<group>"; };
		1E9EF887155826CE00960232 /* myTabbedApp-Prefix.pch */ = {isa = PBXFileReference; lastKnownFileType = sourcecode.c.h; path = "myTabbedApp-Prefix.pch"; sourceTree = "<group>"; };
		1E9EF888155826CE00960232 /* objixAppDelegate.h */ = {isa = PBXFileReference; lastKnownFileType = sourcecode.c.h; path = objixAppDelegate.h; sourceTree = "<group>"; };
		1E9EF889155826CE00960232 /* objixAppDelegate.m */ = {isa = PBXFileReference; lastKnownFileType = sourcecode.c.objc; path = objixAppDelegate.m; sourceTree = "<group>"; };
		1E9EF88C155826CE00960232 /* en */ = {isa = PBXFileReference; lastKnownFileType = file.storyboard; name = en; path = en.lproj/MainStoryboard_iPhone.storyboard; sourceTree = "<group>"; };
		1E9EF88F155826CE00960232 /* en */ = {isa = PBXFileReference; lastKnownFileType = file.storyboard; name = en; path = en.lproj/MainStoryboard_iPad.storyboard; sourceTree = "<group>"; };
		1E9EF891155826CE00960232 /* objixFirstViewController.h */ = {isa = PBXFileReference; lastKnownFileType = sourcecode.c.h; path = objixFirstViewController.h; sourceTree = "<group>"; };
		1E9EF892155826CF00960232 /* objixFirstViewController.m */ = {isa = PBXFileReference; lastKnownFileType = sourcecode.c.objc; path = objixFirstViewController.m; sourceTree = "<group>"; };
		1E9EF894155826CF00960232 /* first.png */ = {isa = PBXFileReference; lastKnownFileType = image.png; path = first.png; sourceTree = "<group>"; };
		1E9EF896155826CF00960232 /* first@2x.png */ = {isa = PBXFileReference; lastKnownFileType = image.png; path = "first@2x.png"; sourceTree = "<group>"; };
		1E9EF898155826CF00960232 /* objixSecondViewController.h */ = {isa = PBXFileReference; lastKnownFileType = sourcecode.c.h; path = objixSecondViewController.h; sourceTree = "<group>"; };
		1E9EF899155826CF00960232 /* objixSecondViewController.m */ = {isa = PBXFileReference; lastKnownFileType = sourcecode.c.objc; path = objixSecondViewController.m; sourceTree = "<group>"; };
		1E9EF89B155826CF00960232 /* second.png */ = {isa = PBXFileReference; lastKnownFileType = image.png; path = second.png; sourceTree = "<group>"; };
		1E9EF89D155826CF00960232 /* second@2x.png */ = {isa = PBXFileReference; lastKnownFileType = image.png; path = "second@2x.png"; sourceTree = "<group>"; };
		1E9EF8A4155826CF00960232 /* myTabbedAppTests.octest */ = {isa = PBXFileReference; explicitFileType = wrapper.cfbundle; includeInIndex = 0; path = myTabbedAppTests.octest; sourceTree = BUILT_PRODUCTS_DIR; };
		1E9EF8A5155826CF00960232 /* SenTestingKit.framework */ = {isa = PBXFileReference; lastKnownFileType = wrapper.framework; name = SenTestingKit.framework; path = Library/Frameworks/SenTestingKit.framework; sourceTree = DEVELOPER_DIR; };
		1E9EF8AD155826CF00960232 /* myTabbedAppTests-Info.plist */ = {isa = PBXFileReference; lastKnownFileType = text.plist.xml; path = "myTabbedAppTests-Info.plist"; sourceTree = "<group>"; };
		1E9EF8AF155826CF00960232 /* en */ = {isa = PBXFileReference; lastKnownFileType = text.plist.strings; name = en; path = en.lproj/InfoPlist.strings; sourceTree = "<group>"; };
		1E9EF8B1155826CF00960232 /* myTabbedAppTests.h */ = {isa = PBXFileReference; lastKnownFileType = sourcecode.c.h; path = myTabbedAppTests.h; sourceTree = "<group>"; };
		1E9EF8B2155826CF00960232 /* myTabbedAppTests.m */ = {isa = PBXFileReference; lastKnownFileType = sourcecode.c.objc; path = myTabbedAppTests.m; sourceTree = "<group>"; };
/* End PBXFileReference section */

/* Begin PBXFrameworksBuildPhase section */
		1E9EF872155826CD00960232 /* Frameworks */ = {
			isa = PBXFrameworksBuildPhase;
			buildActionMask = 2147483647;
			files = (
				1E9EF87A155826CE00960232 /* UIKit.framework in Frameworks */,
				1E9EF87C155826CE00960232 /* Foundation.framework in Frameworks */,
				1E9EF87E155826CE00960232 /* CoreGraphics.framework in Frameworks */,
			);
			runOnlyForDeploymentPostprocessing = 0;
		};
		1E9EF8A0155826CF00960232 /* Frameworks */ = {
			isa = PBXFrameworksBuildPhase;
			buildActionMask = 2147483647;
			files = (
				1E9EF8A6155826CF00960232 /* SenTestingKit.framework in Frameworks */,
				1E9EF8A7155826CF00960232 /* UIKit.framework in Frameworks */,
				1E9EF8A8155826CF00960232 /* Foundation.framework in Frameworks */,
			);
			runOnlyForDeploymentPostprocessing = 0;
		};
/* End PBXFrameworksBuildPhase section */

/* Begin PBXGroup section */
		1E9EF86A155826CC00960232 = {
			isa = PBXGroup;
			children = (
				1E9EF87F155826CE00960232 /* myTabbedApp */,
				1E9EF8AB155826CF00960232 /* myTabbedAppTests */,
				1E9EF878155826CE00960232 /* Frameworks */,
				1E9EF876155826CE00960232 /* Products */,
			);
			sourceTree = "<group>";
		};
		1E9EF876155826CE00960232 /* Products */ = {
			isa = PBXGroup;
			children = (
				1E9EF875155826CE00960232 /* myTabbedApp.app */,
				1E9EF8A4155826CF00960232 /* myTabbedAppTests.octest */,
			);
			name = Products;
			sourceTree = "<group>";
		};
		1E9EF878155826CE00960232 /* Frameworks */ = {
			isa = PBXGroup;
			children = (
				1E9EF879155826CE00960232 /* UIKit.framework */,
				1E9EF87B155826CE00960232 /* Foundation.framework */,
				1E9EF87D155826CE00960232 /* CoreGraphics.framework */,
				1E9EF8A5155826CF00960232 /* SenTestingKit.framework */,
			);
			name = Frameworks;
			sourceTree = "<group>";
		};
		1E9EF87F155826CE00960232 /* myTabbedApp */ = {
			isa = PBXGroup;
			children = (
				1E9EF888155826CE00960232 /* objixAppDelegate.h */,
				1E9EF889155826CE00960232 /* objixAppDelegate.m */,
				1E9EF88B155826CE00960232 /* MainStoryboard_iPhone.storyboard */,
				1E9EF88E155826CE00960232 /* MainStoryboard_iPad.storyboard */,
				1E9EF891155826CE00960232 /* objixFirstViewController.h */,
				1E9EF892155826CF00960232 /* objixFirstViewController.m */,
				1E9EF894155826CF00960232 /* first.png */,
				1E9EF896155826CF00960232 /* first@2x.png */,
				1E9EF898155826CF00960232 /* objixSecondViewController.h */,
				1E9EF899155826CF00960232 /* objixSecondViewController.m */,
				1E9EF89B155826CF00960232 /* second.png */,
				1E9EF89D155826CF00960232 /* second@2x.png */,
				1E9EF880155826CE00960232 /* Supporting Files */,
			);
			path = myTabbedApp;
			sourceTree = "<group>";
		};
		1E9EF880155826CE00960232 /* Supporting Files */ = {
			isa = PBXGroup;
			children = (
				1E9EF881155826CE00960232 /* myTabbedApp-Info.plist */,
				1E9EF882155826CE00960232 /* InfoPlist.strings */,
				1E9EF885155826CE00960232 /* main.m */,
				1E9EF887155826CE00960232 /* myTabbedApp-Prefix.pch */,
			);
			name = "Supporting Files";
			sourceTree = "<group>";
		};
		1E9EF8AB155826CF00960232 /* myTabbedAppTests */ = {
			isa = PBXGroup;
			children = (
				1E9EF8B1155826CF00960232 /* myTabbedAppTests.h */,
				1E9EF8B2155826CF00960232 /* myTabbedAppTests.m */,
				1E9EF8AC155826CF00960232 /* Supporting Files */,
			);
			path = myTabbedAppTests;
			sourceTree = "<group>";
		};
		1E9EF8AC155826CF00960232 /* Supporting Files */ = {
			isa = PBXGroup;
			children = (
				1E9EF8AD155826CF00960232 /* myTabbedAppTests-Info.plist */,
				1E9EF8AE155826CF00960232 /* InfoPlist.strings */,
			);
			name = "Supporting Files";
			sourceTree = "<group>";
		};
/* End PBXGroup section */

/* Begin PBXNativeTarget section */
		1E9EF874155826CD00960232 /* myTabbedApp */ = {
			isa = PBXNativeTarget;
			buildConfigurationList = 1E9EF8B6155826CF00960232 /* Build configuration list for PBXNativeTarget "myTabbedApp" */;
			buildPhases = (
				1E9EF871155826CD00960232 /* Sources */,
				1E9EF872155826CD00960232 /* Frameworks */,
				1E9EF873155826CD00960232 /* Resources */,
			);
			buildRules = (
			);
			dependencies = (
			);
			name = myTabbedApp;
			productName = myTabbedApp;
			productReference = 1E9EF875155826CE00960232 /* myTabbedApp.app */;
			productType = "com.apple.product-type.application";
		};
		1E9EF8A3155826CF00960232 /* myTabbedAppTests */ = {
			isa = PBXNativeTarget;
			buildConfigurationList = 1E9EF8B9155826CF00960232 /* Build configuration list for PBXNativeTarget "myTabbedAppTests" */;
			buildPhases = (
				1E9EF89F155826CF00960232 /* Sources */,
				1E9EF8A0155826CF00960232 /* Frameworks */,
				1E9EF8A1155826CF00960232 /* Resources */,
				1E9EF8A2155826CF00960232 /* ShellScript */,
			);
			buildRules = (
			);
			dependencies = (
				1E9EF8AA155826CF00960232 /* PBXTargetDependency */,
			);
			name = myTabbedAppTests;
			productName = myTabbedAppTests;
			productReference = 1E9EF8A4155826CF00960232 /* myTabbedAppTests.octest */;
			productType = "com.apple.product-type.bundle";
		};
/* End PBXNativeTarget section */

/* Begin PBXProject section */
		1E9EF86C155826CC00960232 /* Project object */ = {
			isa = PBXProject;
			attributes = {
				LastUpgradeCheck = 0420;
			};
			buildConfigurationList = 1E9EF86F155826CC00960232 /* Build configuration list for PBXProject "myTabbedApp" */;
			compatibilityVersion = "Xcode 3.2";
			developmentRegion = English;
			hasScannedForEncodings = 0;
			knownRegions = (
				en,
			);
			mainGroup = 1E9EF86A155826CC00960232;
			productRefGroup = 1E9EF876155826CE00960232 /* Products */;
			projectDirPath = "";
			projectRoot = "";
			targets = (
				1E9EF874155826CD00960232 /* myTabbedApp */,
				1E9EF8A3155826CF00960232 /* myTabbedAppTests */,
			);
		};
/* End PBXProject section */

/* Begin PBXResourcesBuildPhase section */
		1E9EF873155826CD00960232 /* Resources */ = {
			isa = PBXResourcesBuildPhase;
			buildActionMask = 2147483647;
			files = (
				1E9EF884155826CE00960232 /* InfoPlist.strings in Resources */,
				1E9EF88D155826CE00960232 /* MainStoryboard_iPhone.storyboard in Resources */,
				1E9EF890155826CE00960232 /* MainStoryboard_iPad.storyboard in Resources */,
				1E9EF895155826CF00960232 /* first.png in Resources */,
				1E9EF897155826CF00960232 /* first@2x.png in Resources */,
				1E9EF89C155826CF00960232 /* second.png in Resources */,
				1E9EF89E155826CF00960232 /* second@2x.png in Resources */,
			);
			runOnlyForDeploymentPostprocessing = 0;
		};
		1E9EF8A1155826CF00960232 /* Resources */ = {
			isa = PBXResourcesBuildPhase;
			buildActionMask = 2147483647;
			files = (
				1E9EF8B0155826CF00960232 /* InfoPlist.strings in Resources */,
			);
			runOnlyForDeploymentPostprocessing = 0;
		};
/* End PBXResourcesBuildPhase section */

/* Begin PBXShellScriptBuildPhase section */
		1E9EF8A2155826CF00960232 /* ShellScript */ = {
			isa = PBXShellScriptBuildPhase;
			buildActionMask = 2147483647;
			files = (
			);
			inputPaths = (
			);
			outputPaths = (
			);
			runOnlyForDeploymentPostprocessing = 0;
			shellPath = /bin/sh;
			shellScript = "# Run the unit tests in this test bundle.\n\"${SYSTEM_DEVELOPER_DIR}/Tools/RunUnitTests\"\n";
		};
/* End PBXShellScriptBuildPhase section */

/* Begin PBXSourcesBuildPhase section */
		1E9EF871155826CD00960232 /* Sources */ = {
			isa = PBXSourcesBuildPhase;
			buildActionMask = 2147483647;
			files = (
				1E9EF886155826CE00960232 /* main.m in Sources */,
				1E9EF88A155826CE00960232 /* objixAppDelegate.m in Sources */,
				1E9EF893155826CF00960232 /* objixFirstViewController.m in Sources */,
				1E9EF89A155826CF00960232 /* objixSecondViewController.m in Sources */,
			);
			runOnlyForDeploymentPostprocessing = 0;
		};
		1E9EF89F155826CF00960232 /* Sources */ = {
			isa = PBXSourcesBuildPhase;
			buildActionMask = 2147483647;
			files = (
				1E9EF8B3155826CF00960232 /* myTabbedAppTests.m in Sources */,
			);
			runOnlyForDeploymentPostprocessing = 0;
		};
/* End PBXSourcesBuildPhase section */

/* Begin PBXTargetDependency section */
		1E9EF8AA155826CF00960232 /* PBXTargetDependency */ = {
			isa = PBXTargetDependency;
			target = 1E9EF874155826CD00960232 /* myTabbedApp */;
			targetProxy = 1E9EF8A9155826CF00960232 /* PBXContainerItemProxy */;
		};
/* End PBXTargetDependency section */

/* Begin PBXVariantGroup section */
		1E9EF882155826CE00960232 /* InfoPlist.strings */ = {
			isa = PBXVariantGroup;
			children = (
				1E9EF883155826CE00960232 /* en */,
			);
			name = InfoPlist.strings;
			sourceTree = "<group>";
		};
		1E9EF88B155826CE00960232 /* MainStoryboard_iPhone.storyboard */ = {
			isa = PBXVariantGroup;
			children = (
				1E9EF88C155826CE00960232 /* en */,
			);
			name = MainStoryboard_iPhone.storyboard;
			sourceTree = "<group>";
		};
		1E9EF88E155826CE00960232 /* MainStoryboard_iPad.storyboard */ = {
			isa = PBXVariantGroup;
			children = (
				1E9EF88F155826CE00960232 /* en */,
			);
			name = MainStoryboard_iPad.storyboard;
			sourceTree = "<group>";
		};
		1E9EF8AE155826CF00960232 /* InfoPlist.strings */ = {
			isa = PBXVariantGroup;
			children = (
				1E9EF8AF155826CF00960232 /* en */,
			);
			name = InfoPlist.strings;
			sourceTree = "<group>";
		};
/* End PBXVariantGroup section */

/* Begin XCBuildConfiguration section */
		1E9EF8B4155826CF00960232 /* Debug */ = {
			isa = XCBuildConfiguration;
			buildSettings = {
				ALWAYS_SEARCH_USER_PATHS = NO;
				ARCHS = "$(ARCHS_STANDARD_32_BIT)";
				CLANG_ENABLE_OBJC_ARC = YES;
				"CODE_SIGN_IDENTITY[sdk=iphoneos*]" = "iPhone Developer";
				COPY_PHASE_STRIP = NO;
				GCC_C_LANGUAGE_STANDARD = gnu99;
				GCC_DYNAMIC_NO_PIC = NO;
				GCC_OPTIMIZATION_LEVEL = 0;
				GCC_PREPROCESSOR_DEFINITIONS = (
					"DEBUG=1",
					"$(inherited)",
				);
				GCC_SYMBOLS_PRIVATE_EXTERN = NO;
				GCC_VERSION = com.apple.compilers.llvm.clang.1_0;
				GCC_WARN_ABOUT_MISSING_PROTOTYPES = YES;
				GCC_WARN_ABOUT_RETURN_TYPE = YES;
				GCC_WARN_UNUSED_VARIABLE = YES;
				IPHONEOS_DEPLOYMENT_TARGET = 5.0;
				SDKROOT = iphoneos;
				TARGETED_DEVICE_FAMILY = "1,2";
			};
			name = Debug;
		};
		1E9EF8B5155826CF00960232 /* Release */ = {
			isa = XCBuildConfiguration;
			buildSettings = {
				ALWAYS_SEARCH_USER_PATHS = NO;
				ARCHS = "$(ARCHS_STANDARD_32_BIT)";
				CLANG_ENABLE_OBJC_ARC = YES;
				"CODE_SIGN_IDENTITY[sdk=iphoneos*]" = "iPhone Developer";
				COPY_PHASE_STRIP = YES;
				GCC_C_LANGUAGE_STANDARD = gnu99;
				GCC_VERSION = com.apple.compilers.llvm.clang.1_0;
				GCC_WARN_ABOUT_MISSING_PROTOTYPES = YES;
				GCC_WARN_ABOUT_RETURN_TYPE = YES;
				GCC_WARN_UNUSED_VARIABLE = YES;
				IPHONEOS_DEPLOYMENT_TARGET = 5.0;
				OTHER_CFLAGS = "-DNS_BLOCK_ASSERTIONS=1";
				SDKROOT = iphoneos;
				TARGETED_DEVICE_FAMILY = "1,2";
				VALIDATE_PRODUCT = YES;
			};
			name = Release;
		};
		1E9EF8B7155826CF00960232 /* Debug */ = {
			isa = XCBuildConfiguration;
			buildSettings = {
				GCC_PRECOMPILE_PREFIX_HEADER = YES;
				GCC_PREFIX_HEADER = "myTabbedApp/myTabbedApp-Prefix.pch";
				INFOPLIST_FILE = "myTabbedApp/myTabbedApp-Info.plist";
				PRODUCT_NAME = "$(TARGET_NAME)";
				WRAPPER_EXTENSION = app;
			};
			name = Debug;
		};
		1E9EF8B8155826CF00960232 /* Release */ = {
			isa = XCBuildConfiguration;
			buildSettings = {
				GCC_PRECOMPILE_PREFIX_HEADER = YES;
				GCC_PREFIX_HEADER = "myTabbedApp/myTabbedApp-Prefix.pch";
				INFOPLIST_FILE = "myTabbedApp/myTabbedApp-Info.plist";
				PRODUCT_NAME = "$(TARGET_NAME)";
				WRAPPER_EXTENSION = app;
			};
			name = Release;
		};
		1E9EF8BA155826CF00960232 /* Debug */ = {
			isa = XCBuildConfiguration;
			buildSettings = {
				BUNDLE_LOADER = "$(BUILT_PRODUCTS_DIR)/myTabbedApp.app/myTabbedApp";
				FRAMEWORK_SEARCH_PATHS = (
					"$(SDKROOT)/Developer/Library/Frameworks",
					"$(DEVELOPER_LIBRARY_DIR)/Frameworks",
				);
				GCC_PRECOMPILE_PREFIX_HEADER = YES;
				GCC_PREFIX_HEADER = "myTabbedApp/myTabbedApp-Prefix.pch";
				INFOPLIST_FILE = "myTabbedAppTests/myTabbedAppTests-Info.plist";
				PRODUCT_NAME = "$(TARGET_NAME)";
				TEST_HOST = "$(BUNDLE_LOADER)";
				WRAPPER_EXTENSION = octest;
			};
			name = Debug;
		};
		1E9EF8BB155826CF00960232 /* Release */ = {
			isa = XCBuildConfiguration;
			buildSettings = {
				BUNDLE_LOADER = "$(BUILT_PRODUCTS_DIR)/myTabbedApp.app/myTabbedApp";
				FRAMEWORK_SEARCH_PATHS = (
					"$(SDKROOT)/Developer/Library/Frameworks",
					"$(DEVELOPER_LIBRARY_DIR)/Frameworks",
				);
				GCC_PRECOMPILE_PREFIX_HEADER = YES;
				GCC_PREFIX_HEADER = "myTabbedApp/myTabbedApp-Prefix.pch";
				INFOPLIST_FILE = "myTabbedAppTests/myTabbedAppTests-Info.plist";
				PRODUCT_NAME = "$(TARGET_NAME)";
				TEST_HOST = "$(BUNDLE_LOADER)";
				WRAPPER_EXTENSION = octest;
			};
			name = Release;
		};
/* End XCBuildConfiguration section */

/* Begin XCConfigurationList section */
		1E9EF86F155826CC00960232 /* Build configuration list for PBXProject "myTabbedApp" */ = {
			isa = XCConfigurationList;
			buildConfigurations = (
				1E9EF8B4155826CF00960232 /* Debug */,
				1E9EF8B5155826CF00960232 /* Release */,
			);
			defaultConfigurationIsVisible = 0;
			defaultConfigurationName = Release;
		};
		1E9EF8B6155826CF00960232 /* Build configuration list for PBXNativeTarget "myTabbedApp" */ = {
			isa = XCConfigurationList;
			buildConfigurations = (
				1E9EF8B7155826CF00960232 /* Debug */,
				1E9EF8B8155826CF00960232 /* Release */,
			);
			defaultConfigurationIsVisible = 0;
		};
		1E9EF8B9155826CF00960232 /* Build configuration list for PBXNativeTarget "myTabbedAppTests" */ = {
			isa = XCConfigurationList;
			buildConfigurations = (
				1E9EF8BA155826CF00960232 /* Debug */,
				1E9EF8BB155826CF00960232 /* Release */,
			);
			defaultConfigurationIsVisible = 0;
		};
/* End XCConfigurationList section */
	};
	rootObject = 1E9EF86C155826CC00960232 /* Project object */;
}
